// !$*UTF8*$!
{
	archiveVersion = 1;
	classes = {
	};
	objectVersion = 55;
	objects = {

/* Begin PBXBuildFile section */
		8240DBAA28F1B75A00832F0A /* CatBreedListConstants.swift in Sources */ = {isa = PBXBuildFile; fileRef = 8240DBA928F1B75A00832F0A /* CatBreedListConstants.swift */; };
		8240DBAC28F1BEBA00832F0A /* CatBreedModel.swift in Sources */ = {isa = PBXBuildFile; fileRef = 8240DBAB28F1BEBA00832F0A /* CatBreedModel.swift */; };
		8240DBAE28F1C65600832F0A /* CatBreedListModel.swift in Sources */ = {isa = PBXBuildFile; fileRef = 8240DBAD28F1C65600832F0A /* CatBreedListModel.swift */; };
		8240DBB028F1C77300832F0A /* CatBreedListViewModel.swift in Sources */ = {isa = PBXBuildFile; fileRef = 8240DBAF28F1C77300832F0A /* CatBreedListViewModel.swift */; };
		8240DBB328F1D29F00832F0A /* CatBreedListTableViewCell.swift in Sources */ = {isa = PBXBuildFile; fileRef = 8240DBB128F1D29F00832F0A /* CatBreedListTableViewCell.swift */; };
		8240DBB428F1D29F00832F0A /* CatBreedListTableViewCell.xib in Resources */ = {isa = PBXBuildFile; fileRef = 8240DBB228F1D29F00832F0A /* CatBreedListTableViewCell.xib */; };
		8240DBB628F1DBAD00832F0A /* ImageviewExtension.swift in Sources */ = {isa = PBXBuildFile; fileRef = 8240DBB528F1DBAD00832F0A /* ImageviewExtension.swift */; };
		82440CB828EF4B6400982663 /* AppDelegate.swift in Sources */ = {isa = PBXBuildFile; fileRef = 82440CB728EF4B6400982663 /* AppDelegate.swift */; };
		82440CBA28EF4B6400982663 /* SceneDelegate.swift in Sources */ = {isa = PBXBuildFile; fileRef = 82440CB928EF4B6400982663 /* SceneDelegate.swift */; };
		82440CBC28EF4B6400982663 /* ViewController.swift in Sources */ = {isa = PBXBuildFile; fileRef = 82440CBB28EF4B6400982663 /* ViewController.swift */; };
		82440CBF28EF4B6400982663 /* Main.storyboard in Resources */ = {isa = PBXBuildFile; fileRef = 82440CBD28EF4B6400982663 /* Main.storyboard */; };
		82440CC228EF4B6400982663 /* CatBreedList.xcdatamodeld in Sources */ = {isa = PBXBuildFile; fileRef = 82440CC028EF4B6400982663 /* CatBreedList.xcdatamodeld */; };
		82440CC428EF4B6600982663 /* Assets.xcassets in Resources */ = {isa = PBXBuildFile; fileRef = 82440CC328EF4B6600982663 /* Assets.xcassets */; };
		82440CC728EF4B6600982663 /* LaunchScreen.storyboard in Resources */ = {isa = PBXBuildFile; fileRef = 82440CC528EF4B6600982663 /* LaunchScreen.storyboard */; };
		82440CD228EF4B6600982663 /* CatBreedListTests.swift in Sources */ = {isa = PBXBuildFile; fileRef = 82440CD128EF4B6600982663 /* CatBreedListTests.swift */; };
		82440CDC28EF4B6600982663 /* CatBreedListUITests.swift in Sources */ = {isa = PBXBuildFile; fileRef = 82440CDB28EF4B6600982663 /* CatBreedListUITests.swift */; };
		82440CDE28EF4B6600982663 /* CatBreedListUITestsLaunchTests.swift in Sources */ = {isa = PBXBuildFile; fileRef = 82440CDD28EF4B6600982663 /* CatBreedListUITestsLaunchTests.swift */; };
		82440CEB28EF4BD500982663 /* NetworkManager.swift in Sources */ = {isa = PBXBuildFile; fileRef = 82440CEA28EF4BD500982663 /* NetworkManager.swift */; };
		897B87CA419C7DCCF5F67D65 /* Pods_CatBreedList_CatBreedListUITests.framework in Frameworks */ = {isa = PBXBuildFile; fileRef = 55DEC2F1F5CB23C5B79C0CBF /* Pods_CatBreedList_CatBreedListUITests.framework */; };
		971A57003F90CA35623F9254 /* Pods_CatBreedListTests.framework in Frameworks */ = {isa = PBXBuildFile; fileRef = 7C5B6837D3F1705890C07028 /* Pods_CatBreedListTests.framework */; };
		C31B0C8D06663C94A34F26B1 /* Pods_CatBreedList.framework in Frameworks */ = {isa = PBXBuildFile; fileRef = A41C6745A62198D36E66CCC8 /* Pods_CatBreedList.framework */; };
/* End PBXBuildFile section */

/* Begin PBXContainerItemProxy section */
		82440CCE28EF4B6600982663 /* PBXContainerItemProxy */ = {
			isa = PBXContainerItemProxy;
			containerPortal = 82440CAC28EF4B6400982663 /* Project object */;
			proxyType = 1;
			remoteGlobalIDString = 82440CB328EF4B6400982663;
			remoteInfo = CatBreedList;
		};
		82440CD828EF4B6600982663 /* PBXContainerItemProxy */ = {
			isa = PBXContainerItemProxy;
			containerPortal = 82440CAC28EF4B6400982663 /* Project object */;
			proxyType = 1;
			remoteGlobalIDString = 82440CB328EF4B6400982663;
			remoteInfo = CatBreedList;
		};
/* End PBXContainerItemProxy section */

/* Begin PBXFileReference section */
		11DC3E8827E4582EFBA1C461 /* Pods-CatBreedListTests.release.xcconfig */ = {isa = PBXFileReference; includeInIndex = 1; lastKnownFileType = text.xcconfig; name = "Pods-CatBreedListTests.release.xcconfig"; path = "Target Support Files/Pods-CatBreedListTests/Pods-CatBreedListTests.release.xcconfig"; sourceTree = "<group>"; };
		46103956DDA116595342D06C /* Pods-CatBreedList-CatBreedListUITests.debug.xcconfig */ = {isa = PBXFileReference; includeInIndex = 1; lastKnownFileType = text.xcconfig; name = "Pods-CatBreedList-CatBreedListUITests.debug.xcconfig"; path = "Target Support Files/Pods-CatBreedList-CatBreedListUITests/Pods-CatBreedList-CatBreedListUITests.debug.xcconfig"; sourceTree = "<group>"; };
		55DEC2F1F5CB23C5B79C0CBF /* Pods_CatBreedList_CatBreedListUITests.framework */ = {isa = PBXFileReference; explicitFileType = wrapper.framework; includeInIndex = 0; path = Pods_CatBreedList_CatBreedListUITests.framework; sourceTree = BUILT_PRODUCTS_DIR; };
		7C5B6837D3F1705890C07028 /* Pods_CatBreedListTests.framework */ = {isa = PBXFileReference; explicitFileType = wrapper.framework; includeInIndex = 0; path = Pods_CatBreedListTests.framework; sourceTree = BUILT_PRODUCTS_DIR; };
		8240DBA928F1B75A00832F0A /* CatBreedListConstants.swift */ = {isa = PBXFileReference; lastKnownFileType = sourcecode.swift; path = CatBreedListConstants.swift; sourceTree = "<group>"; };
		8240DBAB28F1BEBA00832F0A /* CatBreedModel.swift */ = {isa = PBXFileReference; lastKnownFileType = sourcecode.swift; path = CatBreedModel.swift; sourceTree = "<group>"; };
		8240DBAD28F1C65600832F0A /* CatBreedListModel.swift */ = {isa = PBXFileReference; lastKnownFileType = sourcecode.swift; path = CatBreedListModel.swift; sourceTree = "<group>"; };
		8240DBAF28F1C77300832F0A /* CatBreedListViewModel.swift */ = {isa = PBXFileReference; lastKnownFileType = sourcecode.swift; path = CatBreedListViewModel.swift; sourceTree = "<group>"; };
		8240DBB128F1D29F00832F0A /* CatBreedListTableViewCell.swift */ = {isa = PBXFileReference; lastKnownFileType = sourcecode.swift; path = CatBreedListTableViewCell.swift; sourceTree = "<group>"; };
		8240DBB228F1D29F00832F0A /* CatBreedListTableViewCell.xib */ = {isa = PBXFileReference; lastKnownFileType = file.xib; path = CatBreedListTableViewCell.xib; sourceTree = "<group>"; };
		8240DBB528F1DBAD00832F0A /* ImageviewExtension.swift */ = {isa = PBXFileReference; lastKnownFileType = sourcecode.swift; path = ImageviewExtension.swift; sourceTree = "<group>"; };
		82440CB428EF4B6400982663 /* CatBreedList.app */ = {isa = PBXFileReference; explicitFileType = wrapper.application; includeInIndex = 0; path = CatBreedList.app; sourceTree = BUILT_PRODUCTS_DIR; };
		82440CB728EF4B6400982663 /* AppDelegate.swift */ = {isa = PBXFileReference; lastKnownFileType = sourcecode.swift; path = AppDelegate.swift; sourceTree = "<group>"; };
		82440CB928EF4B6400982663 /* SceneDelegate.swift */ = {isa = PBXFileReference; lastKnownFileType = sourcecode.swift; path = SceneDelegate.swift; sourceTree = "<group>"; };
		82440CBB28EF4B6400982663 /* ViewController.swift */ = {isa = PBXFileReference; lastKnownFileType = sourcecode.swift; path = ViewController.swift; sourceTree = "<group>"; };
		82440CBE28EF4B6400982663 /* Base */ = {isa = PBXFileReference; lastKnownFileType = file.storyboard; name = Base; path = Base.lproj/Main.storyboard; sourceTree = "<group>"; };
		82440CC128EF4B6400982663 /* CatBreedList.xcdatamodel */ = {isa = PBXFileReference; lastKnownFileType = wrapper.xcdatamodel; path = CatBreedList.xcdatamodel; sourceTree = "<group>"; };
		82440CC328EF4B6600982663 /* Assets.xcassets */ = {isa = PBXFileReference; lastKnownFileType = folder.assetcatalog; path = Assets.xcassets; sourceTree = "<group>"; };
		82440CC628EF4B6600982663 /* Base */ = {isa = PBXFileReference; lastKnownFileType = file.storyboard; name = Base; path = Base.lproj/LaunchScreen.storyboard; sourceTree = "<group>"; };
		82440CC828EF4B6600982663 /* Info.plist */ = {isa = PBXFileReference; lastKnownFileType = text.plist.xml; path = Info.plist; sourceTree = "<group>"; };
		82440CCD28EF4B6600982663 /* CatBreedListTests.xctest */ = {isa = PBXFileReference; explicitFileType = wrapper.cfbundle; includeInIndex = 0; path = CatBreedListTests.xctest; sourceTree = BUILT_PRODUCTS_DIR; };
		82440CD128EF4B6600982663 /* CatBreedListTests.swift */ = {isa = PBXFileReference; lastKnownFileType = sourcecode.swift; path = CatBreedListTests.swift; sourceTree = "<group>"; };
		82440CD728EF4B6600982663 /* CatBreedListUITests.xctest */ = {isa = PBXFileReference; explicitFileType = wrapper.cfbundle; includeInIndex = 0; path = CatBreedListUITests.xctest; sourceTree = BUILT_PRODUCTS_DIR; };
		82440CDB28EF4B6600982663 /* CatBreedListUITests.swift */ = {isa = PBXFileReference; lastKnownFileType = sourcecode.swift; path = CatBreedListUITests.swift; sourceTree = "<group>"; };
		82440CDD28EF4B6600982663 /* CatBreedListUITestsLaunchTests.swift */ = {isa = PBXFileReference; lastKnownFileType = sourcecode.swift; path = CatBreedListUITestsLaunchTests.swift; sourceTree = "<group>"; };
		82440CEA28EF4BD500982663 /* NetworkManager.swift */ = {isa = PBXFileReference; lastKnownFileType = sourcecode.swift; path = NetworkManager.swift; sourceTree = "<group>"; };
		8EA54EF2A4F3FB97F3851E15 /* Pods-CatBreedList-CatBreedListUITests.release.xcconfig */ = {isa = PBXFileReference; includeInIndex = 1; lastKnownFileType = text.xcconfig; name = "Pods-CatBreedList-CatBreedListUITests.release.xcconfig"; path = "Target Support Files/Pods-CatBreedList-CatBreedListUITests/Pods-CatBreedList-CatBreedListUITests.release.xcconfig"; sourceTree = "<group>"; };
		95A8AA0A25F075232184FFDA /* Pods-CatBreedList.debug.xcconfig */ = {isa = PBXFileReference; includeInIndex = 1; lastKnownFileType = text.xcconfig; name = "Pods-CatBreedList.debug.xcconfig"; path = "Target Support Files/Pods-CatBreedList/Pods-CatBreedList.debug.xcconfig"; sourceTree = "<group>"; };
		A41C6745A62198D36E66CCC8 /* Pods_CatBreedList.framework */ = {isa = PBXFileReference; explicitFileType = wrapper.framework; includeInIndex = 0; path = Pods_CatBreedList.framework; sourceTree = BUILT_PRODUCTS_DIR; };
		B48630F23652BE60D5A738F9 /* Pods-CatBreedList.release.xcconfig */ = {isa = PBXFileReference; includeInIndex = 1; lastKnownFileType = text.xcconfig; name = "Pods-CatBreedList.release.xcconfig"; path = "Target Support Files/Pods-CatBreedList/Pods-CatBreedList.release.xcconfig"; sourceTree = "<group>"; };
		D75953C189B3E024EB1DDA42 /* Pods-CatBreedListTests.debug.xcconfig */ = {isa = PBXFileReference; includeInIndex = 1; lastKnownFileType = text.xcconfig; name = "Pods-CatBreedListTests.debug.xcconfig"; path = "Target Support Files/Pods-CatBreedListTests/Pods-CatBreedListTests.debug.xcconfig"; sourceTree = "<group>"; };
/* End PBXFileReference section */

/* Begin PBXFrameworksBuildPhase section */
		82440CB128EF4B6400982663 /* Frameworks */ = {
			isa = PBXFrameworksBuildPhase;
			buildActionMask = 2147483647;
			files = (
				C31B0C8D06663C94A34F26B1 /* Pods_CatBreedList.framework in Frameworks */,
			);
			runOnlyForDeploymentPostprocessing = 0;
		};
		82440CCA28EF4B6600982663 /* Frameworks */ = {
			isa = PBXFrameworksBuildPhase;
			buildActionMask = 2147483647;
			files = (
				971A57003F90CA35623F9254 /* Pods_CatBreedListTests.framework in Frameworks */,
			);
			runOnlyForDeploymentPostprocessing = 0;
		};
		82440CD428EF4B6600982663 /* Frameworks */ = {
			isa = PBXFrameworksBuildPhase;
			buildActionMask = 2147483647;
			files = (
				897B87CA419C7DCCF5F67D65 /* Pods_CatBreedList_CatBreedListUITests.framework in Frameworks */,
			);
			runOnlyForDeploymentPostprocessing = 0;
		};
/* End PBXFrameworksBuildPhase section */

/* Begin PBXGroup section */
		231457A9F13D49D7A77B749C /* Frameworks */ = {
			isa = PBXGroup;
			children = (
				A41C6745A62198D36E66CCC8 /* Pods_CatBreedList.framework */,
				55DEC2F1F5CB23C5B79C0CBF /* Pods_CatBreedList_CatBreedListUITests.framework */,
				7C5B6837D3F1705890C07028 /* Pods_CatBreedListTests.framework */,
			);
			name = Frameworks;
			sourceTree = "<group>";
		};
		82440CAB28EF4B6400982663 = {
			isa = PBXGroup;
			children = (
				82440CB628EF4B6400982663 /* CatBreedList */,
				82440CD028EF4B6600982663 /* CatBreedListTests */,
				82440CDA28EF4B6600982663 /* CatBreedListUITests */,
				82440CB528EF4B6400982663 /* Products */,
				8266FFACE854FA90BB83A0F5 /* Pods */,
				231457A9F13D49D7A77B749C /* Frameworks */,
			);
			sourceTree = "<group>";
		};
		82440CB528EF4B6400982663 /* Products */ = {
			isa = PBXGroup;
			children = (
				82440CB428EF4B6400982663 /* CatBreedList.app */,
				82440CCD28EF4B6600982663 /* CatBreedListTests.xctest */,
				82440CD728EF4B6600982663 /* CatBreedListUITests.xctest */,
			);
			name = Products;
			sourceTree = "<group>";
		};
		82440CB628EF4B6400982663 /* CatBreedList */ = {
			isa = PBXGroup;
			children = (
				82440CB728EF4B6400982663 /* AppDelegate.swift */,
				82440CB928EF4B6400982663 /* SceneDelegate.swift */,
				82440CBB28EF4B6400982663 /* ViewController.swift */,
				82440CBD28EF4B6400982663 /* Main.storyboard */,
				82440CC328EF4B6600982663 /* Assets.xcassets */,
				82440CC528EF4B6600982663 /* LaunchScreen.storyboard */,
				82440CC828EF4B6600982663 /* Info.plist */,
				82440CC028EF4B6400982663 /* CatBreedList.xcdatamodeld */,
				82440CEA28EF4BD500982663 /* NetworkManager.swift */,
				8240DBA928F1B75A00832F0A /* CatBreedListConstants.swift */,
				8240DBAB28F1BEBA00832F0A /* CatBreedModel.swift */,
				8240DBAD28F1C65600832F0A /* CatBreedListModel.swift */,
				8240DBAF28F1C77300832F0A /* CatBreedListViewModel.swift */,
				8240DBB128F1D29F00832F0A /* CatBreedListTableViewCell.swift */,
				8240DBB228F1D29F00832F0A /* CatBreedListTableViewCell.xib */,
				8240DBB528F1DBAD00832F0A /* ImageviewExtension.swift */,
			);
			path = CatBreedList;
			sourceTree = "<group>";
		};
		82440CD028EF4B6600982663 /* CatBreedListTests */ = {
			isa = PBXGroup;
			children = (
				82440CD128EF4B6600982663 /* CatBreedListTests.swift */,
			);
			path = CatBreedListTests;
			sourceTree = "<group>";
		};
		82440CDA28EF4B6600982663 /* CatBreedListUITests */ = {
			isa = PBXGroup;
			children = (
				82440CDB28EF4B6600982663 /* CatBreedListUITests.swift */,
				82440CDD28EF4B6600982663 /* CatBreedListUITestsLaunchTests.swift */,
			);
			path = CatBreedListUITests;
			sourceTree = "<group>";
		};
		8266FFACE854FA90BB83A0F5 /* Pods */ = {
			isa = PBXGroup;
			children = (
				95A8AA0A25F075232184FFDA /* Pods-CatBreedList.debug.xcconfig */,
				B48630F23652BE60D5A738F9 /* Pods-CatBreedList.release.xcconfig */,
				46103956DDA116595342D06C /* Pods-CatBreedList-CatBreedListUITests.debug.xcconfig */,
				8EA54EF2A4F3FB97F3851E15 /* Pods-CatBreedList-CatBreedListUITests.release.xcconfig */,
				D75953C189B3E024EB1DDA42 /* Pods-CatBreedListTests.debug.xcconfig */,
				11DC3E8827E4582EFBA1C461 /* Pods-CatBreedListTests.release.xcconfig */,
			);
			path = Pods;
			sourceTree = "<group>";
		};
/* End PBXGroup section */

/* Begin PBXNativeTarget section */
		82440CB328EF4B6400982663 /* CatBreedList */ = {
			isa = PBXNativeTarget;
			buildConfigurationList = 82440CE128EF4B6600982663 /* Build configuration list for PBXNativeTarget "CatBreedList" */;
			buildPhases = (
				C58B8AC964DFCB91D794E334 /* [CP] Check Pods Manifest.lock */,
				82440CB028EF4B6400982663 /* Sources */,
				82440CB128EF4B6400982663 /* Frameworks */,
				82440CB228EF4B6400982663 /* Resources */,
				2CF74577D8EC156E744D3818 /* [CP] Embed Pods Frameworks */,
			);
			buildRules = (
			);
			dependencies = (
			);
			name = CatBreedList;
			productName = CatBreedList;
			productReference = 82440CB428EF4B6400982663 /* CatBreedList.app */;
			productType = "com.apple.product-type.application";
		};
		82440CCC28EF4B6600982663 /* CatBreedListTests */ = {
			isa = PBXNativeTarget;
			buildConfigurationList = 82440CE428EF4B6600982663 /* Build configuration list for PBXNativeTarget "CatBreedListTests" */;
			buildPhases = (
				2EF471ACD14335B37DDD6DEC /* [CP] Check Pods Manifest.lock */,
				82440CC928EF4B6600982663 /* Sources */,
				82440CCA28EF4B6600982663 /* Frameworks */,
				82440CCB28EF4B6600982663 /* Resources */,
			);
			buildRules = (
			);
			dependencies = (
				82440CCF28EF4B6600982663 /* PBXTargetDependency */,
			);
			name = CatBreedListTests;
			productName = CatBreedListTests;
			productReference = 82440CCD28EF4B6600982663 /* CatBreedListTests.xctest */;
			productType = "com.apple.product-type.bundle.unit-test";
		};
		82440CD628EF4B6600982663 /* CatBreedListUITests */ = {
			isa = PBXNativeTarget;
			buildConfigurationList = 82440CE728EF4B6600982663 /* Build configuration list for PBXNativeTarget "CatBreedListUITests" */;
			buildPhases = (
				DF98A7B130EB744FF66530AC /* [CP] Check Pods Manifest.lock */,
				82440CD328EF4B6600982663 /* Sources */,
				82440CD428EF4B6600982663 /* Frameworks */,
				82440CD528EF4B6600982663 /* Resources */,
				EDE6A49460D5B6048738EB17 /* [CP] Embed Pods Frameworks */,
			);
			buildRules = (
			);
			dependencies = (
				82440CD928EF4B6600982663 /* PBXTargetDependency */,
			);
			name = CatBreedListUITests;
			productName = CatBreedListUITests;
			productReference = 82440CD728EF4B6600982663 /* CatBreedListUITests.xctest */;
			productType = "com.apple.product-type.bundle.ui-testing";
		};
/* End PBXNativeTarget section */

/* Begin PBXProject section */
		82440CAC28EF4B6400982663 /* Project object */ = {
			isa = PBXProject;
			attributes = {
				BuildIndependentTargetsInParallel = 1;
				LastSwiftUpdateCheck = 1310;
				LastUpgradeCheck = 1310;
				TargetAttributes = {
					82440CB328EF4B6400982663 = {
						CreatedOnToolsVersion = 13.1;
					};
					82440CCC28EF4B6600982663 = {
						CreatedOnToolsVersion = 13.1;
						TestTargetID = 82440CB328EF4B6400982663;
					};
					82440CD628EF4B6600982663 = {
						CreatedOnToolsVersion = 13.1;
						TestTargetID = 82440CB328EF4B6400982663;
					};
				};
			};
			buildConfigurationList = 82440CAF28EF4B6400982663 /* Build configuration list for PBXProject "CatBreedList" */;
			compatibilityVersion = "Xcode 13.0";
			developmentRegion = en;
			hasScannedForEncodings = 0;
			knownRegions = (
				en,
				Base,
			);
			mainGroup = 82440CAB28EF4B6400982663;
			productRefGroup = 82440CB528EF4B6400982663 /* Products */;
			projectDirPath = "";
			projectRoot = "";
			targets = (
				82440CB328EF4B6400982663 /* CatBreedList */,
				82440CCC28EF4B6600982663 /* CatBreedListTests */,
				82440CD628EF4B6600982663 /* CatBreedListUITests */,
			);
		};
/* End PBXProject section */

/* Begin PBXResourcesBuildPhase section */
		82440CB228EF4B6400982663 /* Resources */ = {
			isa = PBXResourcesBuildPhase;
			buildActionMask = 2147483647;
			files = (
				82440CC728EF4B6600982663 /* LaunchScreen.storyboard in Resources */,
				82440CC428EF4B6600982663 /* Assets.xcassets in Resources */,
				82440CBF28EF4B6400982663 /* Main.storyboard in Resources */,
				8240DBB428F1D29F00832F0A /* CatBreedListTableViewCell.xib in Resources */,
			);
			runOnlyForDeploymentPostprocessing = 0;
		};
		82440CCB28EF4B6600982663 /* Resources */ = {
			isa = PBXResourcesBuildPhase;
			buildActionMask = 2147483647;
			files = (
			);
			runOnlyForDeploymentPostprocessing = 0;
		};
		82440CD528EF4B6600982663 /* Resources */ = {
			isa = PBXResourcesBuildPhase;
			buildActionMask = 2147483647;
			files = (
			);
			runOnlyForDeploymentPostprocessing = 0;
		};
/* End PBXResourcesBuildPhase section */

/* Begin PBXShellScriptBuildPhase section */
		2CF74577D8EC156E744D3818 /* [CP] Embed Pods Frameworks */ = {
			isa = PBXShellScriptBuildPhase;
			buildActionMask = 2147483647;
			files = (
			);
			inputFileListPaths = (
				"${PODS_ROOT}/Target Support Files/Pods-CatBreedList/Pods-CatBreedList-frameworks-${CONFIGURATION}-input-files.xcfilelist",
			);
			name = "[CP] Embed Pods Frameworks";
			outputFileListPaths = (
				"${PODS_ROOT}/Target Support Files/Pods-CatBreedList/Pods-CatBreedList-frameworks-${CONFIGURATION}-output-files.xcfilelist",
			);
			runOnlyForDeploymentPostprocessing = 0;
			shellPath = /bin/sh;
			shellScript = "\"${PODS_ROOT}/Target Support Files/Pods-CatBreedList/Pods-CatBreedList-frameworks.sh\"\n";
			showEnvVarsInLog = 0;
		};
		2EF471ACD14335B37DDD6DEC /* [CP] Check Pods Manifest.lock */ = {
			isa = PBXShellScriptBuildPhase;
			buildActionMask = 2147483647;
			files = (
			);
			inputFileListPaths = (
			);
			inputPaths = (
				"${PODS_PODFILE_DIR_PATH}/Podfile.lock",
				"${PODS_ROOT}/Manifest.lock",
			);
			name = "[CP] Check Pods Manifest.lock";
			outputFileListPaths = (
			);
			outputPaths = (
				"$(DERIVED_FILE_DIR)/Pods-CatBreedListTests-checkManifestLockResult.txt",
			);
			runOnlyForDeploymentPostprocessing = 0;
			shellPath = /bin/sh;
			shellScript = "diff \"${PODS_PODFILE_DIR_PATH}/Podfile.lock\" \"${PODS_ROOT}/Manifest.lock\" > /dev/null\nif [ $? != 0 ] ; then\n    # print error to STDERR\n    echo \"error: The sandbox is not in sync with the Podfile.lock. Run 'pod install' or update your CocoaPods installation.\" >&2\n    exit 1\nfi\n# This output is used by Xcode 'outputs' to avoid re-running this script phase.\necho \"SUCCESS\" > \"${SCRIPT_OUTPUT_FILE_0}\"\n";
			showEnvVarsInLog = 0;
		};
		C58B8AC964DFCB91D794E334 /* [CP] Check Pods Manifest.lock */ = {
			isa = PBXShellScriptBuildPhase;
			buildActionMask = 2147483647;
			files = (
			);
			inputFileListPaths = (
			);
			inputPaths = (
				"${PODS_PODFILE_DIR_PATH}/Podfile.lock",
				"${PODS_ROOT}/Manifest.lock",
			);
			name = "[CP] Check Pods Manifest.lock";
			outputFileListPaths = (
			);
			outputPaths = (
				"$(DERIVED_FILE_DIR)/Pods-CatBreedList-checkManifestLockResult.txt",
			);
			runOnlyForDeploymentPostprocessing = 0;
			shellPath = /bin/sh;
			shellScript = "diff \"${PODS_PODFILE_DIR_PATH}/Podfile.lock\" \"${PODS_ROOT}/Manifest.lock\" > /dev/null\nif [ $? != 0 ] ; then\n    # print error to STDERR\n    echo \"error: The sandbox is not in sync with the Podfile.lock. Run 'pod install' or update your CocoaPods installation.\" >&2\n    exit 1\nfi\n# This output is used by Xcode 'outputs' to avoid re-running this script phase.\necho \"SUCCESS\" > \"${SCRIPT_OUTPUT_FILE_0}\"\n";
			showEnvVarsInLog = 0;
		};
		DF98A7B130EB744FF66530AC /* [CP] Check Pods Manifest.lock */ = {
			isa = PBXShellScriptBuildPhase;
			buildActionMask = 2147483647;
			files = (
			);
			inputFileListPaths = (
			);
			inputPaths = (
				"${PODS_PODFILE_DIR_PATH}/Podfile.lock",
				"${PODS_ROOT}/Manifest.lock",
			);
			name = "[CP] Check Pods Manifest.lock";
			outputFileListPaths = (
			);
			outputPaths = (
				"$(DERIVED_FILE_DIR)/Pods-CatBreedList-CatBreedListUITests-checkManifestLockResult.txt",
			);
			runOnlyForDeploymentPostprocessing = 0;
			shellPath = /bin/sh;
			shellScript = "diff \"${PODS_PODFILE_DIR_PATH}/Podfile.lock\" \"${PODS_ROOT}/Manifest.lock\" > /dev/null\nif [ $? != 0 ] ; then\n    # print error to STDERR\n    echo \"error: The sandbox is not in sync with the Podfile.lock. Run 'pod install' or update your CocoaPods installation.\" >&2\n    exit 1\nfi\n# This output is used by Xcode 'outputs' to avoid re-running this script phase.\necho \"SUCCESS\" > \"${SCRIPT_OUTPUT_FILE_0}\"\n";
			showEnvVarsInLog = 0;
		};
		EDE6A49460D5B6048738EB17 /* [CP] Embed Pods Frameworks */ = {
			isa = PBXShellScriptBuildPhase;
			buildActionMask = 2147483647;
			files = (
			);
			inputFileListPaths = (
				"${PODS_ROOT}/Target Support Files/Pods-CatBreedList-CatBreedListUITests/Pods-CatBreedList-CatBreedListUITests-frameworks-${CONFIGURATION}-input-files.xcfilelist",
			);
			name = "[CP] Embed Pods Frameworks";
			outputFileListPaths = (
				"${PODS_ROOT}/Target Support Files/Pods-CatBreedList-CatBreedListUITests/Pods-CatBreedList-CatBreedListUITests-frameworks-${CONFIGURATION}-output-files.xcfilelist",
			);
			runOnlyForDeploymentPostprocessing = 0;
			shellPath = /bin/sh;
			shellScript = "\"${PODS_ROOT}/Target Support Files/Pods-CatBreedList-CatBreedListUITests/Pods-CatBreedList-CatBreedListUITests-frameworks.sh\"\n";
			showEnvVarsInLog = 0;
		};
/* End PBXShellScriptBuildPhase section */

/* Begin PBXSourcesBuildPhase section */
		82440CB028EF4B6400982663 /* Sources */ = {
			isa = PBXSourcesBuildPhase;
			buildActionMask = 2147483647;
			files = (
				8240DBAC28F1BEBA00832F0A /* CatBreedModel.swift in Sources */,
				8240DBB628F1DBAD00832F0A /* ImageviewExtension.swift in Sources */,
				8240DBAE28F1C65600832F0A /* CatBreedListModel.swift in Sources */,
				82440CBC28EF4B6400982663 /* ViewController.swift in Sources */,
				8240DBB328F1D29F00832F0A /* CatBreedListTableViewCell.swift in Sources */,
				82440CB828EF4B6400982663 /* AppDelegate.swift in Sources */,
				82440CEB28EF4BD500982663 /* NetworkManager.swift in Sources */,
				8240DBB028F1C77300832F0A /* CatBreedListViewModel.swift in Sources */,
				8240DBAA28F1B75A00832F0A /* CatBreedListConstants.swift in Sources */,
				82440CBA28EF4B6400982663 /* SceneDelegate.swift in Sources */,
				82440CC228EF4B6400982663 /* CatBreedList.xcdatamodeld in Sources */,
			);
			runOnlyForDeploymentPostprocessing = 0;
		};
		82440CC928EF4B6600982663 /* Sources */ = {
			isa = PBXSourcesBuildPhase;
			buildActionMask = 2147483647;
			files = (
				82440CD228EF4B6600982663 /* CatBreedListTests.swift in Sources */,
			);
			runOnlyForDeploymentPostprocessing = 0;
		};
		82440CD328EF4B6600982663 /* Sources */ = {
			isa = PBXSourcesBuildPhase;
			buildActionMask = 2147483647;
			files = (
				82440CDE28EF4B6600982663 /* CatBreedListUITestsLaunchTests.swift in Sources */,
				82440CDC28EF4B6600982663 /* CatBreedListUITests.swift in Sources */,
			);
			runOnlyForDeploymentPostprocessing = 0;
		};
/* End PBXSourcesBuildPhase section */

/* Begin PBXTargetDependency section */
		82440CCF28EF4B6600982663 /* PBXTargetDependency */ = {
			isa = PBXTargetDependency;
			target = 82440CB328EF4B6400982663 /* CatBreedList */;
			targetProxy = 82440CCE28EF4B6600982663 /* PBXContainerItemProxy */;
		};
		82440CD928EF4B6600982663 /* PBXTargetDependency */ = {
			isa = PBXTargetDependency;
			target = 82440CB328EF4B6400982663 /* CatBreedList */;
			targetProxy = 82440CD828EF4B6600982663 /* PBXContainerItemProxy */;
		};
/* End PBXTargetDependency section */

/* Begin PBXVariantGroup section */
		82440CBD28EF4B6400982663 /* Main.storyboard */ = {
			isa = PBXVariantGroup;
			children = (
				82440CBE28EF4B6400982663 /* Base */,
			);
			name = Main.storyboard;
			sourceTree = "<group>";
		};
		82440CC528EF4B6600982663 /* LaunchScreen.storyboard */ = {
			isa = PBXVariantGroup;
			children = (
				82440CC628EF4B6600982663 /* Base */,
			);
			name = LaunchScreen.storyboard;
			sourceTree = "<group>";
		};
/* End PBXVariantGroup section */

/* Begin XCBuildConfiguration section */
		82440CDF28EF4B6600982663 /* Debug */ = {
			isa = XCBuildConfiguration;
			buildSettings = {
				ALWAYS_SEARCH_USER_PATHS = NO;
				CLANG_ANALYZER_NONNULL = YES;
				CLANG_ANALYZER_NUMBER_OBJECT_CONVERSION = YES_AGGRESSIVE;
				CLANG_CXX_LANGUAGE_STANDARD = "gnu++17";
				CLANG_CXX_LIBRARY = "libc++";
				CLANG_ENABLE_MODULES = YES;
				CLANG_ENABLE_OBJC_ARC = YES;
				CLANG_ENABLE_OBJC_WEAK = YES;
				CLANG_WARN_BLOCK_CAPTURE_AUTORELEASING = YES;
				CLANG_WARN_BOOL_CONVERSION = YES;
				CLANG_WARN_COMMA = YES;
				CLANG_WARN_CONSTANT_CONVERSION = YES;
				CLANG_WARN_DEPRECATED_OBJC_IMPLEMENTATIONS = YES;
				CLANG_WARN_DIRECT_OBJC_ISA_USAGE = YES_ERROR;
				CLANG_WARN_DOCUMENTATION_COMMENTS = YES;
				CLANG_WARN_EMPTY_BODY = YES;
				CLANG_WARN_ENUM_CONVERSION = YES;
				CLANG_WARN_INFINITE_RECURSION = YES;
				CLANG_WARN_INT_CONVERSION = YES;
				CLANG_WARN_NON_LITERAL_NULL_CONVERSION = YES;
				CLANG_WARN_OBJC_IMPLICIT_RETAIN_SELF = YES;
				CLANG_WARN_OBJC_LITERAL_CONVERSION = YES;
				CLANG_WARN_OBJC_ROOT_CLASS = YES_ERROR;
				CLANG_WARN_QUOTED_INCLUDE_IN_FRAMEWORK_HEADER = YES;
				CLANG_WARN_RANGE_LOOP_ANALYSIS = YES;
				CLANG_WARN_STRICT_PROTOTYPES = YES;
				CLANG_WARN_SUSPICIOUS_MOVE = YES;
				CLANG_WARN_UNGUARDED_AVAILABILITY = YES_AGGRESSIVE;
				CLANG_WARN_UNREACHABLE_CODE = YES;
				CLANG_WARN__DUPLICATE_METHOD_MATCH = YES;
				COPY_PHASE_STRIP = NO;
				DEBUG_INFORMATION_FORMAT = dwarf;
				ENABLE_STRICT_OBJC_MSGSEND = YES;
				ENABLE_TESTABILITY = YES;
				GCC_C_LANGUAGE_STANDARD = gnu11;
				GCC_DYNAMIC_NO_PIC = NO;
				GCC_NO_COMMON_BLOCKS = YES;
				GCC_OPTIMIZATION_LEVEL = 0;
				GCC_PREPROCESSOR_DEFINITIONS = (
					"DEBUG=1",
					"$(inherited)",
				);
				GCC_WARN_64_TO_32_BIT_CONVERSION = YES;
				GCC_WARN_ABOUT_RETURN_TYPE = YES_ERROR;
				GCC_WARN_UNDECLARED_SELECTOR = YES;
				GCC_WARN_UNINITIALIZED_AUTOS = YES_AGGRESSIVE;
				GCC_WARN_UNUSED_FUNCTION = YES;
				GCC_WARN_UNUSED_VARIABLE = YES;
				IPHONEOS_DEPLOYMENT_TARGET = 15.0;
				MTL_ENABLE_DEBUG_INFO = INCLUDE_SOURCE;
				MTL_FAST_MATH = YES;
				ONLY_ACTIVE_ARCH = YES;
				SDKROOT = iphoneos;
				SWIFT_ACTIVE_COMPILATION_CONDITIONS = DEBUG;
				SWIFT_OPTIMIZATION_LEVEL = "-Onone";
			};
			name = Debug;
		};
		82440CE028EF4B6600982663 /* Release */ = {
			isa = XCBuildConfiguration;
			buildSettings = {
				ALWAYS_SEARCH_USER_PATHS = NO;
				CLANG_ANALYZER_NONNULL = YES;
				CLANG_ANALYZER_NUMBER_OBJECT_CONVERSION = YES_AGGRESSIVE;
				CLANG_CXX_LANGUAGE_STANDARD = "gnu++17";
				CLANG_CXX_LIBRARY = "libc++";
				CLANG_ENABLE_MODULES = YES;
				CLANG_ENABLE_OBJC_ARC = YES;
				CLANG_ENABLE_OBJC_WEAK = YES;
				CLANG_WARN_BLOCK_CAPTURE_AUTORELEASING = YES;
				CLANG_WARN_BOOL_CONVERSION = YES;
				CLANG_WARN_COMMA = YES;
				CLANG_WARN_CONSTANT_CONVERSION = YES;
				CLANG_WARN_DEPRECATED_OBJC_IMPLEMENTATIONS = YES;
				CLANG_WARN_DIRECT_OBJC_ISA_USAGE = YES_ERROR;
				CLANG_WARN_DOCUMENTATION_COMMENTS = YES;
				CLANG_WARN_EMPTY_BODY = YES;
				CLANG_WARN_ENUM_CONVERSION = YES;
				CLANG_WARN_INFINITE_RECURSION = YES;
				CLANG_WARN_INT_CONVERSION = YES;
				CLANG_WARN_NON_LITERAL_NULL_CONVERSION = YES;
				CLANG_WARN_OBJC_IMPLICIT_RETAIN_SELF = YES;
				CLANG_WARN_OBJC_LITERAL_CONVERSION = YES;
				CLANG_WARN_OBJC_ROOT_CLASS = YES_ERROR;
				CLANG_WARN_QUOTED_INCLUDE_IN_FRAMEWORK_HEADER = YES;
				CLANG_WARN_RANGE_LOOP_ANALYSIS = YES;
				CLANG_WARN_STRICT_PROTOTYPES = YES;
				CLANG_WARN_SUSPICIOUS_MOVE = YES;
				CLANG_WARN_UNGUARDED_AVAILABILITY = YES_AGGRESSIVE;
				CLANG_WARN_UNREACHABLE_CODE = YES;
				CLANG_WARN__DUPLICATE_METHOD_MATCH = YES;
				COPY_PHASE_STRIP = NO;
				DEBUG_INFORMATION_FORMAT = "dwarf-with-dsym";
				ENABLE_NS_ASSERTIONS = NO;
				ENABLE_STRICT_OBJC_MSGSEND = YES;
				GCC_C_LANGUAGE_STANDARD = gnu11;
				GCC_NO_COMMON_BLOCKS = YES;
				GCC_WARN_64_TO_32_BIT_CONVERSION = YES;
				GCC_WARN_ABOUT_RETURN_TYPE = YES_ERROR;
				GCC_WARN_UNDECLARED_SELECTOR = YES;
				GCC_WARN_UNINITIALIZED_AUTOS = YES_AGGRESSIVE;
				GCC_WARN_UNUSED_FUNCTION = YES;
				GCC_WARN_UNUSED_VARIABLE = YES;
				IPHONEOS_DEPLOYMENT_TARGET = 15.0;
				MTL_ENABLE_DEBUG_INFO = NO;
				MTL_FAST_MATH = YES;
				SDKROOT = iphoneos;
				SWIFT_COMPILATION_MODE = wholemodule;
				SWIFT_OPTIMIZATION_LEVEL = "-O";
				VALIDATE_PRODUCT = YES;
			};
			name = Release;
		};
		82440CE228EF4B6600982663 /* Debug */ = {
			isa = XCBuildConfiguration;
			baseConfigurationReference = 95A8AA0A25F075232184FFDA /* Pods-CatBreedList.debug.xcconfig */;
			buildSettings = {
				ASSETCATALOG_COMPILER_APPICON_NAME = AppIcon;
				ASSETCATALOG_COMPILER_GLOBAL_ACCENT_COLOR_NAME = AccentColor;
				CODE_SIGN_STYLE = Automatic;
				CURRENT_PROJECT_VERSION = 1;
				DEVELOPMENT_TEAM = S5HL8Y72A8;
				GENERATE_INFOPLIST_FILE = YES;
				INFOPLIST_FILE = CatBreedList/Info.plist;
				INFOPLIST_KEY_UIApplicationSupportsIndirectInputEvents = YES;
				INFOPLIST_KEY_UILaunchStoryboardName = LaunchScreen;
				INFOPLIST_KEY_UIMainStoryboardFile = Main;
				INFOPLIST_KEY_UISupportedInterfaceOrientations_iPad = "UIInterfaceOrientationPortrait UIInterfaceOrientationPortraitUpsideDown UIInterfaceOrientationLandscapeLeft UIInterfaceOrientationLandscapeRight";
				INFOPLIST_KEY_UISupportedInterfaceOrientations_iPhone = "UIInterfaceOrientationPortrait UIInterfaceOrientationLandscapeLeft UIInterfaceOrientationLandscapeRight";
				LD_RUNPATH_SEARCH_PATHS = (
					"$(inherited)",
					"@executable_path/Frameworks",
				);
				MARKETING_VERSION = 1.0;
				PRODUCT_BUNDLE_IDENTIFIER = akshit.CatBreedList;
				PRODUCT_NAME = "$(TARGET_NAME)";
				SWIFT_EMIT_LOC_STRINGS = YES;
				SWIFT_VERSION = 5.0;
				TARGETED_DEVICE_FAMILY = "1,2";
			};
			name = Debug;
		};
		82440CE328EF4B6600982663 /* Release */ = {
			isa = XCBuildConfiguration;
			baseConfigurationReference = B48630F23652BE60D5A738F9 /* Pods-CatBreedList.release.xcconfig */;
			buildSettings = {
				ASSETCATALOG_COMPILER_APPICON_NAME = AppIcon;
				ASSETCATALOG_COMPILER_GLOBAL_ACCENT_COLOR_NAME = AccentColor;
				CODE_SIGN_STYLE = Automatic;
				CURRENT_PROJECT_VERSION = 1;
				DEVELOPMENT_TEAM = S5HL8Y72A8;
				GENERATE_INFOPLIST_FILE = YES;
				INFOPLIST_FILE = CatBreedList/Info.plist;
				INFOPLIST_KEY_UIApplicationSupportsIndirectInputEvents = YES;
				INFOPLIST_KEY_UILaunchStoryboardName = LaunchScreen;
				INFOPLIST_KEY_UIMainStoryboardFile = Main;
				INFOPLIST_KEY_UISupportedInterfaceOrientations_iPad = "UIInterfaceOrientationPortrait UIInterfaceOrientationPortraitUpsideDown UIInterfaceOrientationLandscapeLeft UIInterfaceOrientationLandscapeRight";
				INFOPLIST_KEY_UISupportedInterfaceOrientations_iPhone = "UIInterfaceOrientationPortrait UIInterfaceOrientationLandscapeLeft UIInterfaceOrientationLandscapeRight";
				LD_RUNPATH_SEARCH_PATHS = (
					"$(inherited)",
					"@executable_path/Frameworks",
				);
				MARKETING_VERSION = 1.0;
				PRODUCT_BUNDLE_IDENTIFIER = akshit.CatBreedList;
				PRODUCT_NAME = "$(TARGET_NAME)";
				SWIFT_EMIT_LOC_STRINGS = YES;
				SWIFT_VERSION = 5.0;
				TARGETED_DEVICE_FAMILY = "1,2";
			};
			name = Release;
		};
		82440CE528EF4B6600982663 /* Debug */ = {
			isa = XCBuildConfiguration;
			baseConfigurationReference = D75953C189B3E024EB1DDA42 /* Pods-CatBreedListTests.debug.xcconfig */;
			buildSettings = {
				ALWAYS_EMBED_SWIFT_STANDARD_LIBRARIES = YES;
				BUNDLE_LOADER = "$(TEST_HOST)";
				CODE_SIGN_STYLE = Automatic;
				CURRENT_PROJECT_VERSION = 1;
				DEVELOPMENT_TEAM = S5HL8Y72A8;
				GENERATE_INFOPLIST_FILE = YES;
				IPHONEOS_DEPLOYMENT_TARGET = 15.0;
				LD_RUNPATH_SEARCH_PATHS = (
					"$(inherited)",
					"@executable_path/Frameworks",
					"@loader_path/Frameworks",
				);
				MARKETING_VERSION = 1.0;
				PRODUCT_BUNDLE_IDENTIFIER = akshit.CatBreedListTests;
				PRODUCT_NAME = "$(TARGET_NAME)";
				SWIFT_EMIT_LOC_STRINGS = NO;
				SWIFT_VERSION = 5.0;
				TARGETED_DEVICE_FAMILY = "1,2";
				TEST_HOST = "$(BUILT_PRODUCTS_DIR)/CatBreedList.app/CatBreedList";
			};
			name = Debug;
		};
		82440CE628EF4B6600982663 /* Release */ = {
			isa = XCBuildConfiguration;
			baseConfigurationReference = 11DC3E8827E4582EFBA1C461 /* Pods-CatBreedListTests.release.xcconfig */;
			buildSettings = {
				ALWAYS_EMBED_SWIFT_STANDARD_LIBRARIES = YES;
				BUNDLE_LOADER = "$(TEST_HOST)";
				CODE_SIGN_STYLE = Automatic;
				CURRENT_PROJECT_VERSION = 1;
				DEVELOPMENT_TEAM = S5HL8Y72A8;
				GENERATE_INFOPLIST_FILE = YES;
				IPHONEOS_DEPLOYMENT_TARGET = 15.0;
				LD_RUNPATH_SEARCH_PATHS = (
					"$(inherited)",
					"@executable_path/Frameworks",
					"@loader_path/Frameworks",
				);
				MARKETING_VERSION = 1.0;
				PRODUCT_BUNDLE_IDENTIFIER = akshit.CatBreedListTests;
				PRODUCT_NAME = "$(TARGET_NAME)";
				SWIFT_EMIT_LOC_STRINGS = NO;
				SWIFT_VERSION = 5.0;
				TARGETED_DEVICE_FAMILY = "1,2";
				TEST_HOST = "$(BUILT_PRODUCTS_DIR)/CatBreedList.app/CatBreedList";
			};
			name = Release;
		};
		82440CE828EF4B6600982663 /* Debug */ = {
			isa = XCBuildConfiguration;
			baseConfigurationReference = 46103956DDA116595342D06C /* Pods-CatBreedList-CatBreedListUITests.debug.xcconfig */;
			buildSettings = {
				ALWAYS_EMBED_SWIFT_STANDARD_LIBRARIES = YES;
				CODE_SIGN_STYLE = Automatic;
				CURRENT_PROJECT_VERSION = 1;
				DEVELOPMENT_TEAM = S5HL8Y72A8;
				GENERATE_INFOPLIST_FILE = YES;
				LD_RUNPATH_SEARCH_PATHS = (
					"$(inherited)",
					"@executable_path/Frameworks",
					"@loader_path/Frameworks",
				);
				MARKETING_VERSION = 1.0;
				PRODUCT_BUNDLE_IDENTIFIER = akshit.CatBreedListUITests;
				PRODUCT_NAME = "$(TARGET_NAME)";
				SWIFT_EMIT_LOC_STRINGS = NO;
				SWIFT_VERSION = 5.0;
				TARGETED_DEVICE_FAMILY = "1,2";
				TEST_TARGET_NAME = CatBreedList;
			};
			name = Debug;
		};
		82440CE928EF4B6600982663 /* Release */ = {
			isa = XCBuildConfiguration;
			baseConfigurationReference = 8EA54EF2A4F3FB97F3851E15 /* Pods-CatBreedList-CatBreedListUITests.release.xcconfig */;
			buildSettings = {
				ALWAYS_EMBED_SWIFT_STANDARD_LIBRARIES = YES;
				CODE_SIGN_STYLE = Automatic;
				CURRENT_PROJECT_VERSION = 1;
				DEVELOPMENT_TEAM = S5HL8Y72A8;
				GENERATE_INFOPLIST_FILE = YES;
				LD_RUNPATH_SEARCH_PATHS = (
					"$(inherited)",
					"@executable_path/Frameworks",
					"@loader_path/Frameworks",
				);
				MARKETING_VERSION = 1.0;
				PRODUCT_BUNDLE_IDENTIFIER = akshit.CatBreedListUITests;
				PRODUCT_NAME = "$(TARGET_NAME)";
				SWIFT_EMIT_LOC_STRINGS = NO;
				SWIFT_VERSION = 5.0;
				TARGETED_DEVICE_FAMILY = "1,2";
				TEST_TARGET_NAME = CatBreedList;
			};
			name = Release;
		};
/* End XCBuildConfiguration section */

/* Begin XCConfigurationList section */
		82440CAF28EF4B6400982663 /* Build configuration list for PBXProject "CatBreedList" */ = {
			isa = XCConfigurationList;
			buildConfigurations = (
				82440CDF28EF4B6600982663 /* Debug */,
				82440CE028EF4B6600982663 /* Release */,
			);
			defaultConfigurationIsVisible = 0;
			defaultConfigurationName = Release;
		};
		82440CE128EF4B6600982663 /* Build configuration list for PBXNativeTarget "CatBreedList" */ = {
			isa = XCConfigurationList;
			buildConfigurations = (
				82440CE228EF4B6600982663 /* Debug */,
				82440CE328EF4B6600982663 /* Release */,
			);
			defaultConfigurationIsVisible = 0;
			defaultConfigurationName = Release;
		};
		82440CE428EF4B6600982663 /* Build configuration list for PBXNativeTarget "CatBreedListTests" */ = {
			isa = XCConfigurationList;
			buildConfigurations = (
				82440CE528EF4B6600982663 /* Debug */,
				82440CE628EF4B6600982663 /* Release */,
			);
			defaultConfigurationIsVisible = 0;
			defaultConfigurationName = Release;
		};
		82440CE728EF4B6600982663 /* Build configuration list for PBXNativeTarget "CatBreedListUITests" */ = {
			isa = XCConfigurationList;
			buildConfigurations = (
				82440CE828EF4B6600982663 /* Debug */,
				82440CE928EF4B6600982663 /* Release */,
			);
			defaultConfigurationIsVisible = 0;
			defaultConfigurationName = Release;
		};
/* End XCConfigurationList section */

/* Begin XCVersionGroup section */
		82440CC028EF4B6400982663 /* CatBreedList.xcdatamodeld */ = {
			isa = XCVersionGroup;
			children = (
				82440CC128EF4B6400982663 /* CatBreedList.xcdatamodel */,
			);
			currentVersion = 82440CC128EF4B6400982663 /* CatBreedList.xcdatamodel */;
			path = CatBreedList.xcdatamodeld;
			sourceTree = "<group>";
			versionGroupType = wrapper.xcdatamodel;
		};
/* End XCVersionGroup section */
	};
	rootObject = 82440CAC28EF4B6400982663 /* Project object */;
}
